{
  "originHash" : "24515dd64a7f7b87719ffb272d94c0b86bb0089730cac9508cf7667679c11f69",
  "pins" : [
    {
      "identity" : "grdb.swift",
      "kind" : "remoteSourceControl",
      "location" : "https://github.com/groue/GRDB.swift.git",
      "state" : {
        "revision" : "639fa9168d36931b36a79e60dc06b7d23852f1f4",
        "version" : "6.27.0"
      }
    }
  ],
  "version" : 3
}
