// !$*UTF8*$!
{
	archiveVersion = 1;
	classes = {
	};
	objectVersion = 56;
	objects = {

/* Begin PBXBuildFile section */
		7280CC422C286C94001E83DD /* TwofyApp.swift in Sources */ = {isa = PBXBuildFile; fileRef = 7280CC412C286C94001E83DD /* TwofyApp.swift */; };
		7280CC442C286C94001E83DD /* ContentView.swift in Sources */ = {isa = PBXBuildFile; fileRef = 7280CC432C286C94001E83DD /* ContentView.swift */; };
		7280CC462C286C95001E83DD /* Assets.xcassets in Resources */ = {isa = PBXBuildFile; fileRef = 7280CC452C286C95001E83DD /* Assets.xcassets */; };
		7280CC492C286C95001E83DD /* Preview Assets.xcassets in Resources */ = {isa = PBXBuildFile; fileRef = 7280CC482C286C95001E83DD /* Preview Assets.xcassets */; };
		7280CC532C286E0D001E83DD /* AppFeature in Frameworks */ = {isa = PBXBuildFile; productRef = 7280CC522C286E0D001E83DD /* AppFeature */; };
		7280CC552C2872A5001E83DD /* ViewModel.swift in Sources */ = {isa = PBXBuildFile; fileRef = 7280CC542C2872A5001E83DD /* ViewModel.swift */; };
		72BCF7C52C3629930087BD73 /* main.swift in Sources */ = {isa = PBXBuildFile; fileRef = 72BCF7C42C3629930087BD73 /* main.swift */; };
		72BCF7CA2C3629930087BD73 /* ManifestInstaller.xpc in Embed XPC Services */ = {isa = PBXBuildFile; fileRef = 72BCF7BE2C3629930087BD73 /* ManifestInstaller.xpc */; settings = {ATTRIBUTES = (RemoveHeadersOnCopy, ); }; };
		72CBBDA12C36418F000B463E /* ManifestInstallerService in Frameworks */ = {isa = PBXBuildFile; productRef = 72CBBDA02C36418F000B463E /* ManifestInstallerService */; };
/* End PBXBuildFile section */

/* Begin PBXContainerItemProxy section */
		72BCF7C82C3629930087BD73 /* PBXContainerItemProxy */ = {
			isa = PBXContainerItemProxy;
			containerPortal = 7280CC362C286C94001E83DD /* Project object */;
			proxyType = 1;
			remoteGlobalIDString = 72BCF7BD2C3629930087BD73;
			remoteInfo = ManifestInstaller;
		};
/* End PBXContainerItemProxy section */

/* Begin PBXCopyFilesBuildPhase section */
		72BCF7CE2C3629930087BD73 /* Embed XPC Services */ = {
			isa = PBXCopyFilesBuildPhase;
			buildActionMask = 2147483647;
			dstPath = "$(CONTENTS_FOLDER_PATH)/XPCServices";
			dstSubfolderSpec = 16;
			files = (
				72BCF7CA2C3629930087BD73 /* ManifestInstaller.xpc in Embed XPC Services */,
			);
			name = "Embed XPC Services";
			runOnlyForDeploymentPostprocessing = 0;
		};
/* End PBXCopyFilesBuildPhase section */

/* Begin PBXFileReference section */
		7280CC3E2C286C94001E83DD /* Twofy.app */ = {isa = PBXFileReference; explicitFileType = wrapper.application; includeInIndex = 0; path = Twofy.app; sourceTree = BUILT_PRODUCTS_DIR; };
		7280CC412C286C94001E83DD /* TwofyApp.swift */ = {isa = PBXFileReference; lastKnownFileType = sourcecode.swift; path = TwofyApp.swift; sourceTree = "<group>"; };
		7280CC432C286C94001E83DD /* ContentView.swift */ = {isa = PBXFileReference; lastKnownFileType = sourcecode.swift; path = ContentView.swift; sourceTree = "<group>"; };
		7280CC452C286C95001E83DD /* Assets.xcassets */ = {isa = PBXFileReference; lastKnownFileType = folder.assetcatalog; path = Assets.xcassets; sourceTree = "<group>"; };
		7280CC482C286C95001E83DD /* Preview Assets.xcassets */ = {isa = PBXFileReference; lastKnownFileType = folder.assetcatalog; path = "Preview Assets.xcassets"; sourceTree = "<group>"; };
		7280CC4A2C286C95001E83DD /* Twofy.entitlements */ = {isa = PBXFileReference; lastKnownFileType = text.plist.entitlements; path = Twofy.entitlements; sourceTree = "<group>"; };
		7280CC502C286CC9001E83DD /* AppFeature */ = {isa = PBXFileReference; lastKnownFileType = wrapper; path = AppFeature; sourceTree = "<group>"; };
		7280CC542C2872A5001E83DD /* ViewModel.swift */ = {isa = PBXFileReference; lastKnownFileType = sourcecode.swift; path = ViewModel.swift; sourceTree = "<group>"; };
		72BCF7BE2C3629930087BD73 /* ManifestInstaller.xpc */ = {isa = PBXFileReference; explicitFileType = "wrapper.xpc-service"; includeInIndex = 0; path = ManifestInstaller.xpc; sourceTree = BUILT_PRODUCTS_DIR; };
		72BCF7C42C3629930087BD73 /* main.swift */ = {isa = PBXFileReference; lastKnownFileType = sourcecode.swift; path = main.swift; sourceTree = "<group>"; };
		72BCF7C62C3629930087BD73 /* Info.plist */ = {isa = PBXFileReference; lastKnownFileType = text.plist.xml; path = Info.plist; sourceTree = "<group>"; };
		72BCF7C72C3629930087BD73 /* ManifestInstaller.entitlements */ = {isa = PBXFileReference; lastKnownFileType = text.plist.entitlements; path = ManifestInstaller.entitlements; sourceTree = "<group>"; };
/* End PBXFileReference section */

/* Begin PBXFrameworksBuildPhase section */
		7280CC3B2C286C94001E83DD /* Frameworks */ = {
			isa = PBXFrameworksBuildPhase;
			buildActionMask = 2147483647;
			files = (
				7280CC532C286E0D001E83DD /* AppFeature in Frameworks */,
			);
			runOnlyForDeploymentPostprocessing = 0;
		};
		72BCF7BB2C3629930087BD73 /* Frameworks */ = {
			isa = PBXFrameworksBuildPhase;
			buildActionMask = 2147483647;
			files = (
				72CBBDA12C36418F000B463E /* ManifestInstallerService in Frameworks */,
			);
			runOnlyForDeploymentPostprocessing = 0;
		};
/* End PBXFrameworksBuildPhase section */

/* Begin PBXGroup section */
		7280CC352C286C94001E83DD = {
			isa = PBXGroup;
			children = (
				7280CC502C286CC9001E83DD /* AppFeature */,
				7280CC402C286C94001E83DD /* Twofy */,
				72BCF7BF2C3629930087BD73 /* ManifestInstaller */,
				7280CC3F2C286C94001E83DD /* Products */,
				7280CC512C286E0D001E83DD /* Frameworks */,
			);
			sourceTree = "<group>";
		};
		7280CC3F2C286C94001E83DD /* Products */ = {
			isa = PBXGroup;
			children = (
				7280CC3E2C286C94001E83DD /* Twofy.app */,
				72BCF7BE2C3629930087BD73 /* ManifestInstaller.xpc */,
			);
			name = Products;
			sourceTree = "<group>";
		};
		7280CC402C286C94001E83DD /* Twofy */ = {
			isa = PBXGroup;
			children = (
				7280CC412C286C94001E83DD /* TwofyApp.swift */,
				7280CC432C286C94001E83DD /* ContentView.swift */,
				7280CC452C286C95001E83DD /* Assets.xcassets */,
				7280CC4A2C286C95001E83DD /* Twofy.entitlements */,
				7280CC472C286C95001E83DD /* Preview Content */,
				7280CC542C2872A5001E83DD /* ViewModel.swift */,
			);
			path = Twofy;
			sourceTree = "<group>";
		};
		7280CC472C286C95001E83DD /* Preview Content */ = {
			isa = PBXGroup;
			children = (
				7280CC482C286C95001E83DD /* Preview Assets.xcassets */,
			);
			path = "Preview Content";
			sourceTree = "<group>";
		};
		7280CC512C286E0D001E83DD /* Frameworks */ = {
			isa = PBXGroup;
			children = (
			);
			name = Frameworks;
			sourceTree = "<group>";
		};
		72BCF7BF2C3629930087BD73 /* ManifestInstaller */ = {
			isa = PBXGroup;
			children = (
				72BCF7C42C3629930087BD73 /* main.swift */,
				72BCF7C62C3629930087BD73 /* Info.plist */,
				72BCF7C72C3629930087BD73 /* ManifestInstaller.entitlements */,
			);
			path = ManifestInstaller;
			sourceTree = "<group>";
		};
/* End PBXGroup section */

/* Begin PBXNativeTarget section */
		7280CC3D2C286C94001E83DD /* Twofy */ = {
			isa = PBXNativeTarget;
			buildConfigurationList = 7280CC4D2C286C95001E83DD /* Build configuration list for PBXNativeTarget "Twofy" */;
			buildPhases = (
				7280CC3A2C286C94001E83DD /* Sources */,
				7280CC3B2C286C94001E83DD /* Frameworks */,
				7280CC3C2C286C94001E83DD /* Resources */,
				72BCF7CE2C3629930087BD73 /* Embed XPC Services */,
			);
			buildRules = (
			);
			dependencies = (
				72BCF7C92C3629930087BD73 /* PBXTargetDependency */,
			);
			name = Twofy;
			packageProductDependencies = (
				7280CC522C286E0D001E83DD /* AppFeature */,
			);
			productName = Twofy;
			productReference = 7280CC3E2C286C94001E83DD /* Twofy.app */;
			productType = "com.apple.product-type.application";
		};
		72BCF7BD2C3629930087BD73 /* ManifestInstaller */ = {
			isa = PBXNativeTarget;
			buildConfigurationList = 72BCF7CB2C3629930087BD73 /* Build configuration list for PBXNativeTarget "ManifestInstaller" */;
			buildPhases = (
				72BCF7BA2C3629930087BD73 /* Sources */,
				72BCF7BB2C3629930087BD73 /* Frameworks */,
				72BCF7BC2C3629930087BD73 /* Resources */,
			);
			buildRules = (
			);
			dependencies = (
			);
			name = ManifestInstaller;
			packageProductDependencies = (
				72CBBDA02C36418F000B463E /* ManifestInstallerService */,
			);
			productName = ManifestInstaller;
			productReference = 72BCF7BE2C3629930087BD73 /* ManifestInstaller.xpc */;
			productType = "com.apple.product-type.xpc-service";
		};
/* End PBXNativeTarget section */

/* Begin PBXProject section */
		7280CC362C286C94001E83DD /* Project object */ = {
			isa = PBXProject;
			attributes = {
				BuildIndependentTargetsInParallel = 1;
				LastSwiftUpdateCheck = 1530;
				LastUpgradeCheck = 1530;
				TargetAttributes = {
					7280CC3D2C286C94001E83DD = {
						CreatedOnToolsVersion = 15.3;
					};
					72BCF7BD2C3629930087BD73 = {
						CreatedOnToolsVersion = 15.3;
					};
				};
			};
			buildConfigurationList = 7280CC392C286C94001E83DD /* Build configuration list for PBXProject "Twofy" */;
			compatibilityVersion = "Xcode 14.0";
			developmentRegion = en;
			hasScannedForEncodings = 0;
			knownRegions = (
				en,
				Base,
			);
			mainGroup = 7280CC352C286C94001E83DD;
			productRefGroup = 7280CC3F2C286C94001E83DD /* Products */;
			projectDirPath = "";
			projectRoot = "";
			targets = (
				7280CC3D2C286C94001E83DD /* Twofy */,
				72BCF7BD2C3629930087BD73 /* ManifestInstaller */,
			);
		};
/* End PBXProject section */

/* Begin PBXResourcesBuildPhase section */
		7280CC3C2C286C94001E83DD /* Resources */ = {
			isa = PBXResourcesBuildPhase;
			buildActionMask = 2147483647;
			files = (
				7280CC492C286C95001E83DD /* Preview Assets.xcassets in Resources */,
				7280CC462C286C95001E83DD /* Assets.xcassets in Resources */,
			);
			runOnlyForDeploymentPostprocessing = 0;
		};
		72BCF7BC2C3629930087BD73 /* Resources */ = {
			isa = PBXResourcesBuildPhase;
			buildActionMask = 2147483647;
			files = (
			);
			runOnlyForDeploymentPostprocessing = 0;
		};
/* End PBXResourcesBuildPhase section */

/* Begin PBXSourcesBuildPhase section */
		7280CC3A2C286C94001E83DD /* Sources */ = {
			isa = PBXSourcesBuildPhase;
			buildActionMask = 2147483647;
			files = (
				7280CC442C286C94001E83DD /* ContentView.swift in Sources */,
				7280CC552C2872A5001E83DD /* ViewModel.swift in Sources */,
				7280CC422C286C94001E83DD /* TwofyApp.swift in Sources */,
			);
			runOnlyForDeploymentPostprocessing = 0;
		};
		72BCF7BA2C3629930087BD73 /* Sources */ = {
			isa = PBXSourcesBuildPhase;
			buildActionMask = 2147483647;
			files = (
				72BCF7C52C3629930087BD73 /* main.swift in Sources */,
			);
			runOnlyForDeploymentPostprocessing = 0;
		};
/* End PBXSourcesBuildPhase section */

/* Begin PBXTargetDependency section */
		72BCF7C92C3629930087BD73 /* PBXTargetDependency */ = {
			isa = PBXTargetDependency;
			target = 72BCF7BD2C3629930087BD73 /* ManifestInstaller */;
			targetProxy = 72BCF7C82C3629930087BD73 /* PBXContainerItemProxy */;
		};
/* End PBXTargetDependency section */

/* Begin XCBuildConfiguration section */
		7280CC4B2C286C95001E83DD /* Debug */ = {
			isa = XCBuildConfiguration;
			buildSettings = {
				ALWAYS_SEARCH_USER_PATHS = NO;
				ASSETCATALOG_COMPILER_GENERATE_SWIFT_ASSET_SYMBOL_EXTENSIONS = YES;
				CLANG_ANALYZER_NONNULL = YES;
				CLANG_ANALYZER_NUMBER_OBJECT_CONVERSION = YES_AGGRESSIVE;
				CLANG_CXX_LANGUAGE_STANDARD = "gnu++20";
				CLANG_ENABLE_MODULES = YES;
				CLANG_ENABLE_OBJC_ARC = YES;
				CLANG_ENABLE_OBJC_WEAK = YES;
				CLANG_WARN_BLOCK_CAPTURE_AUTORELEASING = YES;
				CLANG_WARN_BOOL_CONVERSION = YES;
				CLANG_WARN_COMMA = YES;
				CLANG_WARN_CONSTANT_CONVERSION = YES;
				CLANG_WARN_DEPRECATED_OBJC_IMPLEMENTATIONS = YES;
				CLANG_WARN_DIRECT_OBJC_ISA_USAGE = YES_ERROR;
				CLANG_WARN_DOCUMENTATION_COMMENTS = YES;
				CLANG_WARN_EMPTY_BODY = YES;
				CLANG_WARN_ENUM_CONVERSION = YES;
				CLANG_WARN_INFINITE_RECURSION = YES;
				CLANG_WARN_INT_CONVERSION = YES;
				CLANG_WARN_NON_LITERAL_NULL_CONVERSION = YES;
				CLANG_WARN_OBJC_IMPLICIT_RETAIN_SELF = YES;
				CLANG_WARN_OBJC_LITERAL_CONVERSION = YES;
				CLANG_WARN_OBJC_ROOT_CLASS = YES_ERROR;
				CLANG_WARN_QUOTED_INCLUDE_IN_FRAMEWORK_HEADER = YES;
				CLANG_WARN_RANGE_LOOP_ANALYSIS = YES;
				CLANG_WARN_STRICT_PROTOTYPES = YES;
				CLANG_WARN_SUSPICIOUS_MOVE = YES;
				CLANG_WARN_UNGUARDED_AVAILABILITY = YES_AGGRESSIVE;
				CLANG_WARN_UNREACHABLE_CODE = YES;
				CLANG_WARN__DUPLICATE_METHOD_MATCH = YES;
				COPY_PHASE_STRIP = NO;
				DEBUG_INFORMATION_FORMAT = dwarf;
				ENABLE_STRICT_OBJC_MSGSEND = YES;
				ENABLE_TESTABILITY = YES;
				ENABLE_USER_SCRIPT_SANDBOXING = YES;
				GCC_C_LANGUAGE_STANDARD = gnu17;
				GCC_DYNAMIC_NO_PIC = NO;
				GCC_NO_COMMON_BLOCKS = YES;
				GCC_OPTIMIZATION_LEVEL = 0;
				GCC_PREPROCESSOR_DEFINITIONS = (
					"DEBUG=1",
					"$(inherited)",
				);
				GCC_WARN_64_TO_32_BIT_CONVERSION = YES;
				GCC_WARN_ABOUT_RETURN_TYPE = YES_ERROR;
				GCC_WARN_UNDECLARED_SELECTOR = YES;
				GCC_WARN_UNINITIALIZED_AUTOS = YES_AGGRESSIVE;
				GCC_WARN_UNUSED_FUNCTION = YES;
				GCC_WARN_UNUSED_VARIABLE = YES;
				LOCALIZATION_PREFERS_STRING_CATALOGS = YES;
				MACOSX_DEPLOYMENT_TARGET = 13.0;
				MTL_ENABLE_DEBUG_INFO = INCLUDE_SOURCE;
				MTL_FAST_MATH = YES;
				ONLY_ACTIVE_ARCH = YES;
				SDKROOT = macosx;
				SWIFT_ACTIVE_COMPILATION_CONDITIONS = "DEBUG $(inherited)";
				SWIFT_OPTIMIZATION_LEVEL = "-Onone";
			};
			name = Debug;
		};
		7280CC4C2C286C95001E83DD /* Release */ = {
			isa = XCBuildConfiguration;
			buildSettings = {
				ALWAYS_SEARCH_USER_PATHS = NO;
				ASSETCATALOG_COMPILER_GENERATE_SWIFT_ASSET_SYMBOL_EXTENSIONS = YES;
				CLANG_ANALYZER_NONNULL = YES;
				CLANG_ANALYZER_NUMBER_OBJECT_CONVERSION = YES_AGGRESSIVE;
				CLANG_CXX_LANGUAGE_STANDARD = "gnu++20";
				CLANG_ENABLE_MODULES = YES;
				CLANG_ENABLE_OBJC_ARC = YES;
				CLANG_ENABLE_OBJC_WEAK = YES;
				CLANG_WARN_BLOCK_CAPTURE_AUTORELEASING = YES;
				CLANG_WARN_BOOL_CONVERSION = YES;
				CLANG_WARN_COMMA = YES;
				CLANG_WARN_CONSTANT_CONVERSION = YES;
				CLANG_WARN_DEPRECATED_OBJC_IMPLEMENTATIONS = YES;
				CLANG_WARN_DIRECT_OBJC_ISA_USAGE = YES_ERROR;
				CLANG_WARN_DOCUMENTATION_COMMENTS = YES;
				CLANG_WARN_EMPTY_BODY = YES;
				CLANG_WARN_ENUM_CONVERSION = YES;
				CLANG_WARN_INFINITE_RECURSION = YES;
				CLANG_WARN_INT_CONVERSION = YES;
				CLANG_WARN_NON_LITERAL_NULL_CONVERSION = YES;
				CLANG_WARN_OBJC_IMPLICIT_RETAIN_SELF = YES;
				CLANG_WARN_OBJC_LITERAL_CONVERSION = YES;
				CLANG_WARN_OBJC_ROOT_CLASS = YES_ERROR;
				CLANG_WARN_QUOTED_INCLUDE_IN_FRAMEWORK_HEADER = YES;
				CLANG_WARN_RANGE_LOOP_ANALYSIS = YES;
				CLANG_WARN_STRICT_PROTOTYPES = YES;
				CLANG_WARN_SUSPICIOUS_MOVE = YES;
				CLANG_WARN_UNGUARDED_AVAILABILITY = YES_AGGRESSIVE;
				CLANG_WARN_UNREACHABLE_CODE = YES;
				CLANG_WARN__DUPLICATE_METHOD_MATCH = YES;
				COPY_PHASE_STRIP = NO;
				DEBUG_INFORMATION_FORMAT = "dwarf-with-dsym";
				ENABLE_NS_ASSERTIONS = NO;
				ENABLE_STRICT_OBJC_MSGSEND = YES;
				ENABLE_USER_SCRIPT_SANDBOXING = YES;
				GCC_C_LANGUAGE_STANDARD = gnu17;
				GCC_NO_COMMON_BLOCKS = YES;
				GCC_WARN_64_TO_32_BIT_CONVERSION = YES;
				GCC_WARN_ABOUT_RETURN_TYPE = YES_ERROR;
				GCC_WARN_UNDECLARED_SELECTOR = YES;
				GCC_WARN_UNINITIALIZED_AUTOS = YES_AGGRESSIVE;
				GCC_WARN_UNUSED_FUNCTION = YES;
				GCC_WARN_UNUSED_VARIABLE = YES;
				LOCALIZATION_PREFERS_STRING_CATALOGS = YES;
				MACOSX_DEPLOYMENT_TARGET = 13.0;
				MTL_ENABLE_DEBUG_INFO = NO;
				MTL_FAST_MATH = YES;
				SDKROOT = macosx;
				SWIFT_COMPILATION_MODE = wholemodule;
			};
			name = Release;
		};
		7280CC4E2C286C95001E83DD /* Debug */ = {
			isa = XCBuildConfiguration;
			buildSettings = {
				ALWAYS_EMBED_SWIFT_STANDARD_LIBRARIES = YES;
				ASSETCATALOG_COMPILER_APPICON_NAME = AppIcon;
				ASSETCATALOG_COMPILER_GLOBAL_ACCENT_COLOR_NAME = AccentColor;
				CODE_SIGN_ENTITLEMENTS = Twofy/Twofy.entitlements;
				"CODE_SIGN_IDENTITY[sdk=macosx*]" = "Apple Development";
				CODE_SIGN_STYLE = Automatic;
				COMBINE_HIDPI_IMAGES = YES;
				CURRENT_PROJECT_VERSION = 1;
				DEVELOPMENT_ASSET_PATHS = "\"Twofy/Preview Content\"";
				DEVELOPMENT_TEAM = YN24FFRTC8;
				ENABLE_HARDENED_RUNTIME = YES;
				ENABLE_PREVIEWS = YES;
				GENERATE_INFOPLIST_FILE = YES;
				INFOPLIST_KEY_LSApplicationCategoryType = "public.app-category.utilities";
				INFOPLIST_KEY_NSHumanReadableCopyright = "";
				LD_RUNPATH_SEARCH_PATHS = (
					"$(inherited)",
					"@executable_path/../Frameworks",
				);
				MARKETING_VERSION = 1.0;
				PRODUCT_BUNDLE_IDENTIFIER = me.foureyes.Twofy;
				PRODUCT_NAME = "$(TARGET_NAME)";
				SWIFT_EMIT_LOC_STRINGS = YES;
				SWIFT_VERSION = 5.0;
			};
			name = Debug;
		};
		7280CC4F2C286C95001E83DD /* Release */ = {
			isa = XCBuildConfiguration;
			buildSettings = {
				ALWAYS_EMBED_SWIFT_STANDARD_LIBRARIES = YES;
				ASSETCATALOG_COMPILER_APPICON_NAME = AppIcon;
				ASSETCATALOG_COMPILER_GLOBAL_ACCENT_COLOR_NAME = AccentColor;
				CODE_SIGN_ENTITLEMENTS = Twofy/Twofy.entitlements;
				"CODE_SIGN_IDENTITY[sdk=macosx*]" = "Apple Development";
				CODE_SIGN_STYLE = Automatic;
				COMBINE_HIDPI_IMAGES = YES;
				CURRENT_PROJECT_VERSION = 1;
				DEVELOPMENT_ASSET_PATHS = "\"Twofy/Preview Content\"";
				DEVELOPMENT_TEAM = YN24FFRTC8;
				ENABLE_HARDENED_RUNTIME = YES;
				ENABLE_PREVIEWS = YES;
				GENERATE_INFOPLIST_FILE = YES;
				INFOPLIST_KEY_LSApplicationCategoryType = "public.app-category.utilities";
				INFOPLIST_KEY_NSHumanReadableCopyright = "";
				LD_RUNPATH_SEARCH_PATHS = (
					"$(inherited)",
					"@executable_path/../Frameworks",
				);
				MARKETING_VERSION = 1.0;
				PRODUCT_BUNDLE_IDENTIFIER = me.foureyes.Twofy;
				PRODUCT_NAME = "$(TARGET_NAME)";
				SWIFT_EMIT_LOC_STRINGS = YES;
				SWIFT_VERSION = 5.0;
			};
			name = Release;
		};
		72BCF7CC2C3629930087BD73 /* Debug */ = {
			isa = XCBuildConfiguration;
			buildSettings = {
				CODE_SIGN_ENTITLEMENTS = ManifestInstaller/ManifestInstaller.entitlements;
				CODE_SIGN_STYLE = Automatic;
				COMBINE_HIDPI_IMAGES = YES;
				CURRENT_PROJECT_VERSION = 1;
				DEVELOPMENT_TEAM = YN24FFRTC8;
				ENABLE_HARDENED_RUNTIME = YES;
				GENERATE_INFOPLIST_FILE = YES;
				INFOPLIST_FILE = ManifestInstaller/Info.plist;
				INFOPLIST_KEY_CFBundleDisplayName = ManifestInstaller;
				INFOPLIST_KEY_NSHumanReadableCopyright = "";
				MACOSX_DEPLOYMENT_TARGET = 13.0;
				MARKETING_VERSION = 1.0;
				PRODUCT_BUNDLE_IDENTIFIER = me.foureyes.Twofy.ManifestInstaller;
				PRODUCT_NAME = "$(TARGET_NAME)";
				SKIP_INSTALL = YES;
				SWIFT_EMIT_LOC_STRINGS = YES;
				SWIFT_VERSION = 5.0;
			};
			name = Debug;
		};
		72BCF7CD2C3629930087BD73 /* Release */ = {
			isa = XCBuildConfiguration;
			buildSettings = {
				CODE_SIGN_ENTITLEMENTS = ManifestInstaller/ManifestInstaller.entitlements;
				CODE_SIGN_STYLE = Automatic;
				COMBINE_HIDPI_IMAGES = YES;
				CURRENT_PROJECT_VERSION = 1;
				DEVELOPMENT_TEAM = YN24FFRTC8;
				ENABLE_HARDENED_RUNTIME = YES;
				GENERATE_INFOPLIST_FILE = YES;
				INFOPLIST_FILE = ManifestInstaller/Info.plist;
				INFOPLIST_KEY_CFBundleDisplayName = ManifestInstaller;
				INFOPLIST_KEY_NSHumanReadableCopyright = "";
				MACOSX_DEPLOYMENT_TARGET = 13.0;
				MARKETING_VERSION = 1.0;
				PRODUCT_BUNDLE_IDENTIFIER = me.foureyes.Twofy.ManifestInstaller;
				PRODUCT_NAME = "$(TARGET_NAME)";
				SKIP_INSTALL = YES;
				SWIFT_EMIT_LOC_STRINGS = YES;
				SWIFT_VERSION = 5.0;
			};
			name = Release;
		};
/* End XCBuildConfiguration section */

/* Begin XCConfigurationList section */
		7280CC392C286C94001E83DD /* Build configuration list for PBXProject "Twofy" */ = {
			isa = XCConfigurationList;
			buildConfigurations = (
				7280CC4B2C286C95001E83DD /* Debug */,
				7280CC4C2C286C95001E83DD /* Release */,
			);
			defaultConfigurationIsVisible = 0;
			defaultConfigurationName = Release;
		};
		7280CC4D2C286C95001E83DD /* Build configuration list for PBXNativeTarget "Twofy" */ = {
			isa = XCConfigurationList;
			buildConfigurations = (
				7280CC4E2C286C95001E83DD /* Debug */,
				7280CC4F2C286C95001E83DD /* Release */,
			);
			defaultConfigurationIsVisible = 0;
			defaultConfigurationName = Release;
		};
		72BCF7CB2C3629930087BD73 /* Build configuration list for PBXNativeTarget "ManifestInstaller" */ = {
			isa = XCConfigurationList;
			buildConfigurations = (
				72BCF7CC2C3629930087BD73 /* Debug */,
				72BCF7CD2C3629930087BD73 /* Release */,
			);
			defaultConfigurationIsVisible = 0;
			defaultConfigurationName = Release;
		};
/* End XCConfigurationList section */

/* Begin XCSwiftPackageProductDependency section */
		7280CC522C286E0D001E83DD /* AppFeature */ = {
			isa = XCSwiftPackageProductDependency;
			productName = AppFeature;
		};
		72CBBDA02C36418F000B463E /* ManifestInstallerService */ = {
			isa = XCSwiftPackageProductDependency;
			productName = ManifestInstallerService;
		};
/* End XCSwiftPackageProductDependency section */
	};
	rootObject = 7280CC362C286C94001E83DD /* Project object */;
}
